
Microsoft Visual Studio Solution File, Format Version 12.00
# Visual Studio Version 16
VisualStudioVersion = 16.0.32929.386
MinimumVisualStudioVersion = 10.0.40219.1
Project("{FAE04EC0-301F-11D3-BF4B-00C04F79EFBC}") = "EM.Android", "EM.Android\EM.Android.csproj", "{6C4C2A5F-D506-455C-B1C8-E757330EA4D9}"
EndProject
Project("{FAE04EC0-301F-11D3-BF4B-00C04F79EFBC}") = "EM", "EM\EM.csproj", "{44B8B82D-53FE-4DE8-8944-5E1D4022DBBC}"
EndProject
Project("{FAE04EC0-301F-11D3-BF4B-00C04F79EFBC}") = "EM.Api", "EM.Api\EM.Api.csproj", "{792C8B01-96F2-48FC-A813-F26AB86A6FF5}"
EndProject
Project("{FAE04EC0-301F-11D3-BF4B-00C04F79EFBC}") = "EM.Shared", "EM.Shared\EM.Shared.csproj", "{CCD87C84-3AEF-4456-81B2-580C436B68EF}"
EndProject
Global
	GlobalSection(SolutionConfigurationPlatforms) = preSolution
		Debug|Any CPU = Debug|Any CPU
		Release|Any CPU = Release|Any CPU
	EndGlobalSection
	GlobalSection(ProjectConfigurationPlatforms) = postSolution
		{6C4C2A5F-D506-455C-B1C8-E757330EA4D9}.Debug|Any CPU.ActiveCfg = Debug|Any CPU
		{6C4C2A5F-D506-455C-B1C8-E757330EA4D9}.Debug|Any CPU.Build.0 = Debug|Any CPU
		{6C4C2A5F-D506-455C-B1C8-E757330EA4D9}.Debug|Any CPU.Deploy.0 = Debug|Any CPU
		{6C4C2A5F-D506-455C-B1C8-E757330EA4D9}.Release|Any CPU.ActiveCfg = Release|Any CPU
		{6C4C2A5F-D506-455C-B1C8-E757330EA4D9}.Release|Any CPU.Build.0 = Release|Any CPU
		{6C4C2A5F-D506-455C-B1C8-E757330EA4D9}.Release|Any CPU.Deploy.0 = Release|Any CPU
		{44B8B82D-53FE-4DE8-8944-5E1D4022DBBC}.Debug|Any CPU.ActiveCfg = Debug|Any CPU
		{44B8B82D-53FE-4DE8-8944-5E1D4022DBBC}.Debug|Any CPU.Build.0 = Debug|Any CPU
		{44B8B82D-53FE-4DE8-8944-5E1D4022DBBC}.Debug|Any CPU.Deploy.0 = Debug|Any CPU
		{44B8B82D-53FE-4DE8-8944-5E1D4022DBBC}.Release|Any CPU.ActiveCfg = Release|Any CPU
		{44B8B82D-53FE-4DE8-8944-5E1D4022DBBC}.Release|Any CPU.Build.0 = Release|Any CPU
		{44B8B82D-53FE-4DE8-8944-5E1D4022DBBC}.Release|Any CPU.Deploy.0 = Release|Any CPU
		{792C8B01-96F2-48FC-A813-F26AB86A6FF5}.Debug|Any CPU.ActiveCfg = Debug|Any CPU
		{792C8B01-96F2-48FC-A813-F26AB86A6FF5}.Debug|Any CPU.Build.0 = Debug|Any CPU
		{792C8B01-96F2-48FC-A813-F26AB86A6FF5}.Release|Any CPU.ActiveCfg = Release|Any CPU
		{792C8B01-96F2-48FC-A813-F26AB86A6FF5}.Release|Any CPU.Build.0 = Release|Any CPU
		{CCD87C84-3AEF-4456-81B2-580C436B68EF}.Debug|Any CPU.ActiveCfg = Debug|Any CPU
		{CCD87C84-3AEF-4456-81B2-580C436B68EF}.Debug|Any CPU.Build.0 = Debug|Any CPU
		{CCD87C84-3AEF-4456-81B2-580C436B68EF}.Release|Any CPU.ActiveCfg = Release|Any CPU
		{CCD87C84-3AEF-4456-81B2-580C436B68EF}.Release|Any CPU.Build.0 = Release|Any CPU
	EndGlobalSection
	GlobalSection(SolutionProperties) = preSolution
		HideSolutionNode = FALSE
	EndGlobalSection
	GlobalSection(ExtensibilityGlobals) = postSolution
		SolutionGuid = {0DB825CD-A551-41E8-A560-F7C94858DC3B}
	EndGlobalSection
EndGlobal
